{
  "lockfile_version": "1",
  "packages": {
    "bun@latest": {
      "last_modified": "2024-03-17T18:53:16Z",
      "resolved": "github:NixOS/nixpkgs/34ad8c9f29a18b4dd97a9ad40ceb16954f24afe7#bun",
      "source": "devbox-search",
      "version": "1.0.31",
      "systems": {
        "aarch64-darwin": {
          "store_path": "/nix/store/sdphbka98lv9xhnqa7m200ws09wvjaad-bun-1.0.31"
        },
        "aarch64-linux": {
          "store_path": "/nix/store/ycdyk351i7lqqcfavis9fjd7350ihz34-bun-1.0.31"
        },
        "x86_64-linux": {
          "store_path": "/nix/store/ds5wdcj15h2l4bnnpmrfmv4dh29f18w3-bun-1.0.31"
        }
      }
    },
    "cloudflared@latest": {
      "last_modified": "2024-02-26T10:27:36Z",
      "resolved": "github:NixOS/nixpkgs/fcea2b6260dd566c28c894b4207a5f2b56c2cba3#cloudflared",
      "source": "devbox-search",
      "version": "2024.2.1",
      "systems": {
        "aarch64-darwin": {
          "store_path": "/nix/store/gg39yqzkzfrrad8ip974kshpv6x7x768-cloudflared-2024.2.1"
        },
        "aarch64-linux": {
          "store_path": "/nix/store/zadnz9vdldxcl8v0p0gs511g52acgng0-cloudflared-2024.2.1"
        },
        "x86_64-darwin": {
          "store_path": "/nix/store/g9ydsm5ylz2p63mrkayl2d795si1qw46-cloudflared-2024.2.1"
        },
        "x86_64-linux": {
          "store_path": "/nix/store/hyn7ls3wvdlgll1czqpgidd27klmx5z5-cloudflared-2024.2.1"
        }
      }
    },
    "lefthook@latest": {
      "last_modified": "2024-02-27T03:14:15Z",
      "resolved": "github:NixOS/nixpkgs/860a2c5921f100906d8c711d29a5f62bc283b588#lefthook",
      "source": "devbox-search",
      "version": "1.6.2",
      "systems": {
        "aarch64-darwin": {
          "store_path": "/nix/store/rh9g53h79ax9d3s9h2xxc6mpqirn3rcl-lefthook-1.6.2"
        },
        "aarch64-linux": {
          "store_path": "/nix/store/6f7i6xb23vhxmhrvzv6ki03jb1mv75q1-lefthook-1.6.2"
        },
        "x86_64-darwin": {
          "store_path": "/nix/store/rhyvjwg4p68qqjqskq2jmxaj855n6cmb-lefthook-1.6.2"
        },
        "x86_64-linux": {
          "store_path": "/nix/store/d2z5hh7kpblvmmxhynmgn5i17dwk4d16-lefthook-1.6.2"
        }
      }
    },
    "nodejs@latest": {
      "last_modified": "2024-03-09T07:11:56Z",
      "resolved": "github:NixOS/nixpkgs/0e7f98a5f30166cbed344569426850b21e4091d4#nodejs_21",
      "source": "devbox-search",
      "version": "21.7.1",
      "systems": {
        "aarch64-darwin": {
          "store_path": "/nix/store/mh1db6rni4mlcr473sh3fy6jg2m38jvg-nodejs-21.7.1"
        },
        "aarch64-linux": {
          "store_path": "/nix/store/ziyb3ny5f9hcwp0lsb9gwdv1pqsn03x1-nodejs-21.7.1"
        },
        "x86_64-darwin": {
          "store_path": "/nix/store/0zaa3aarbsj38g62ihv94gz2hgvgh6bc-nodejs-21.7.1"
        },
        "x86_64-linux": {
          "store_path": "/nix/store/4arhczh30ychpx6h2wpj5nhx39wm0nla-nodejs-21.7.1"
        }
      }
    }
  }
}
