{
  "lockfile_version": "1",
  "packages": {
    "cloudflared@latest": {
      "last_modified": "2024-02-26T10:27:36Z",
      "resolved": "github:NixOS/nixpkgs/fcea2b6260dd566c28c894b4207a5f2b56c2cba3#cloudflared",
      "source": "devbox-search",
      "version": "2024.2.1",
      "systems": {
        "aarch64-darwin": {
          "store_path": "/nix/store/gg39yqzkzfrrad8ip974kshpv6x7x768-cloudflared-2024.2.1"
        },
        "aarch64-linux": {
          "store_path": "/nix/store/zadnz9vdldxcl8v0p0gs511g52acgng0-cloudflared-2024.2.1"
        },
        "x86_64-darwin": {
          "store_path": "/nix/store/g9ydsm5ylz2p63mrkayl2d795si1qw46-cloudflared-2024.2.1"
        },
        "x86_64-linux": {
          "store_path": "/nix/store/hyn7ls3wvdlgll1czqpgidd27klmx5z5-cloudflared-2024.2.1"
        }
      }
    },
    "deno@latest": {
      "last_modified": "2024-02-24T23:06:34Z",
      "resolved": "github:NixOS/nixpkgs/9a9dae8f6319600fa9aebde37f340975cab4b8c0#deno",
      "source": "devbox-search",
      "version": "1.40.5",
      "systems": {
        "aarch64-darwin": {
          "store_path": "/nix/store/pg6jrk1rbs4yb6cscllw4mvf13cxxiv3-deno-1.40.5"
        },
        "aarch64-linux": {
          "store_path": "/nix/store/4p6qg8smnpksm47xa5rcv0iz655kilml-deno-1.40.5"
        },
        "x86_64-darwin": {
          "store_path": "/nix/store/9wq9vik9f5bjwhp37dwbw5pmk5jyz86j-deno-1.40.5"
        },
        "x86_64-linux": {
          "store_path": "/nix/store/pa7b1np3zwiqn4rafps2dbpsh273b8sn-deno-1.40.5"
        }
      }
    },
    "lefthook@latest": {
      "last_modified": "2024-02-27T03:14:15Z",
      "resolved": "github:NixOS/nixpkgs/860a2c5921f100906d8c711d29a5f62bc283b588#lefthook",
      "source": "devbox-search",
      "version": "1.6.2",
      "systems": {
        "aarch64-darwin": {
          "store_path": "/nix/store/rh9g53h79ax9d3s9h2xxc6mpqirn3rcl-lefthook-1.6.2"
        },
        "aarch64-linux": {
          "store_path": "/nix/store/6f7i6xb23vhxmhrvzv6ki03jb1mv75q1-lefthook-1.6.2"
        },
        "x86_64-darwin": {
          "store_path": "/nix/store/rhyvjwg4p68qqjqskq2jmxaj855n6cmb-lefthook-1.6.2"
        },
        "x86_64-linux": {
          "store_path": "/nix/store/d2z5hh7kpblvmmxhynmgn5i17dwk4d16-lefthook-1.6.2"
        }
      }
    }
  }
}
